
Microsoft Visual Studio Solution File, Format Version 10.00
# Visual C++ Express 2008
Project("{8BC9CEB8-8B4A-11D0-8D11-00A0C91BC942}") = "txt2h", "txt2h.vcproj", "{19F113AC-48E5-4AAC-A5C0-A7863EA24C32}"
EndProject
Global
	GlobalSection(SolutionConfigurationPlatforms) = preSolution
		Debug|Win32 = Debug|Win32
		Release|Win32 = Release|Win32
	EndGlobalSection
	GlobalSection(ProjectConfigurationPlatforms) = postSolution
		{19F113AC-48E5-4AAC-A5C0-A7863EA24C32}.Debug|Win32.ActiveCfg = Debug|Win32
		{19F113AC-48E5-4AAC-A5C0-A7863EA24C32}.Debug|Win32.Build.0 = Debug|Win32
		{19F113AC-48E5-4AAC-A5C0-A7863EA24C32}.Release|Win32.ActiveCfg = Release|Win32
		{19F113AC-48E5-4AAC-A5C0-A7863EA24C32}.Release|Win32.Build.0 = Release|Win32
	EndGlobalSection
	GlobalSection(SolutionProperties) = preSolution
		HideSolutionNode = FALSE
	EndGlobalSection
EndGlobal
